
Microsoft Visual Studio Solution File, Format Version 12.00
# Visual Studio Version 16
VisualStudioVersion = 16.0.29613.14
MinimumVisualStudioVersion = 10.0.40219.1
Project("{FAE04EC0-301F-11D3-BF4B-00C04F79EFBC}") = "TicTacToe", "TicTacToe\TicTacToe.csproj", "{27656529-1F91-4F1E-A2FC-347C44E9BA30}"
EndProject
Global
	GlobalSection(SolutionConfigurationPlatforms) = preSolution
		Debug|Any CPU = Debug|Any CPU
		Release|Any CPU = Release|Any CPU
	EndGlobalSection
	GlobalSection(ProjectConfigurationPlatforms) = postSolution
		{27656529-1F91-4F1E-A2FC-347C44E9BA30}.Debug|Any CPU.ActiveCfg = Debug|Any CPU
		{27656529-1F91-4F1E-A2FC-347C44E9BA30}.Debug|Any CPU.Build.0 = Debug|Any CPU
		{27656529-1F91-4F1E-A2FC-347C44E9BA30}.Release|Any CPU.ActiveCfg = Release|Any CPU
		{27656529-1F91-4F1E-A2FC-347C44E9BA30}.Release|Any CPU.Build.0 = Release|Any CPU
	EndGlobalSection
	GlobalSection(SolutionProperties) = preSolution
		HideSolutionNode = FALSE
	EndGlobalSection
	GlobalSection(ExtensibilityGlobals) = postSolution
		SolutionGuid = {036CC4A6-E301-48C1-BE81-B840F8E121D6}
	EndGlobalSection
EndGlobal
